// !$*UTF8*$!
{
	archiveVersion = 1;
	classes = {
	};
	objectVersion = 55;
	objects = {

/* Begin PBXBuildFile section */
		669CA2BE298BB94000B59984 /* AppDelegate.swift in Sources */ = {isa = PBXBuildFile; fileRef = 669CA2BD298BB94000B59984 /* AppDelegate.swift */; };
		669CA2C0298BB94000B59984 /* SceneDelegate.swift in Sources */ = {isa = PBXBuildFile; fileRef = 669CA2BF298BB94000B59984 /* SceneDelegate.swift */; };
		669CA2C2298BB94000B59984 /* ViewController.swift in Sources */ = {isa = PBXBuildFile; fileRef = 669CA2C1298BB94000B59984 /* ViewController.swift */; };
		669CA2C5298BB94000B59984 /* Main.storyboard in Resources */ = {isa = PBXBuildFile; fileRef = 669CA2C3298BB94000B59984 /* Main.storyboard */; };
		669CA2C7298BB94300B59984 /* Assets.xcassets in Resources */ = {isa = PBXBuildFile; fileRef = 669CA2C6298BB94300B59984 /* Assets.xcassets */; };
		669CA2CA298BB94300B59984 /* LaunchScreen.storyboard in Resources */ = {isa = PBXBuildFile; fileRef = 669CA2C8298BB94300B59984 /* LaunchScreen.storyboard */; };
		669CA2D2298BB99300B59984 /* TableViewCell.swift in Sources */ = {isa = PBXBuildFile; fileRef = 669CA2D1298BB99300B59984 /* TableViewCell.swift */; };
		669CA2D4298D16CD00B59984 /* secondViewController.swift in Sources */ = {isa = PBXBuildFile; fileRef = 669CA2D3298D16CD00B59984 /* secondViewController.swift */; };
		669CA2D6298D176F00B59984 /* secondTableViewCell.swift in Sources */ = {isa = PBXBuildFile; fileRef = 669CA2D5298D176F00B59984 /* secondTableViewCell.swift */; };
/* End PBXBuildFile section */

/* Begin PBXFileReference section */
		669CA2BA298BB94000B59984 /* profileapp_jsonparsing.app */ = {isa = PBXFileReference; explicitFileType = wrapper.application; includeInIndex = 0; path = profileapp_jsonparsing.app; sourceTree = BUILT_PRODUCTS_DIR; };
		669CA2BD298BB94000B59984 /* AppDelegate.swift */ = {isa = PBXFileReference; lastKnownFileType = sourcecode.swift; path = AppDelegate.swift; sourceTree = "<group>"; };
		669CA2BF298BB94000B59984 /* SceneDelegate.swift */ = {isa = PBXFileReference; lastKnownFileType = sourcecode.swift; path = SceneDelegate.swift; sourceTree = "<group>"; };
		669CA2C1298BB94000B59984 /* ViewController.swift */ = {isa = PBXFileReference; lastKnownFileType = sourcecode.swift; path = ViewController.swift; sourceTree = "<group>"; };
		669CA2C4298BB94000B59984 /* Base */ = {isa = PBXFileReference; lastKnownFileType = file.storyboard; name = Base; path = Base.lproj/Main.storyboard; sourceTree = "<group>"; };
		669CA2C6298BB94300B59984 /* Assets.xcassets */ = {isa = PBXFileReference; lastKnownFileType = folder.assetcatalog; path = Assets.xcassets; sourceTree = "<group>"; };
		669CA2C9298BB94300B59984 /* Base */ = {isa = PBXFileReference; lastKnownFileType = file.storyboard; name = Base; path = Base.lproj/LaunchScreen.storyboard; sourceTree = "<group>"; };
		669CA2CB298BB94300B59984 /* Info.plist */ = {isa = PBXFileReference; lastKnownFileType = text.plist.xml; path = Info.plist; sourceTree = "<group>"; };
		669CA2D1298BB99300B59984 /* TableViewCell.swift */ = {isa = PBXFileReference; lastKnownFileType = sourcecode.swift; path = TableViewCell.swift; sourceTree = "<group>"; };
		669CA2D3298D16CD00B59984 /* secondViewController.swift */ = {isa = PBXFileReference; lastKnownFileType = sourcecode.swift; path = secondViewController.swift; sourceTree = "<group>"; };
		669CA2D5298D176F00B59984 /* secondTableViewCell.swift */ = {isa = PBXFileReference; lastKnownFileType = sourcecode.swift; path = secondTableViewCell.swift; sourceTree = "<group>"; };
/* End PBXFileReference section */

/* Begin PBXFrameworksBuildPhase section */
		669CA2B7298BB94000B59984 /* Frameworks */ = {
			isa = PBXFrameworksBuildPhase;
			buildActionMask = 2147483647;
			files = (
			);
			runOnlyForDeploymentPostprocessing = 0;
		};
/* End PBXFrameworksBuildPhase section */

/* Begin PBXGroup section */
		669CA2B1298BB94000B59984 = {
			isa = PBXGroup;
			children = (
				669CA2BC298BB94000B59984 /* profileapp_jsonparsing */,
				669CA2BB298BB94000B59984 /* Products */,
			);
			sourceTree = "<group>";
		};
		669CA2BB298BB94000B59984 /* Products */ = {
			isa = PBXGroup;
			children = (
				669CA2BA298BB94000B59984 /* profileapp_jsonparsing.app */,
			);
			name = Products;
			sourceTree = "<group>";
		};
		669CA2BC298BB94000B59984 /* profileapp_jsonparsing */ = {
			isa = PBXGroup;
			children = (
				669CA2BD298BB94000B59984 /* AppDelegate.swift */,
				669CA2BF298BB94000B59984 /* SceneDelegate.swift */,
				669CA2C1298BB94000B59984 /* ViewController.swift */,
				669CA2D3298D16CD00B59984 /* secondViewController.swift */,
				669CA2D1298BB99300B59984 /* TableViewCell.swift */,
				669CA2D5298D176F00B59984 /* secondTableViewCell.swift */,
				669CA2C3298BB94000B59984 /* Main.storyboard */,
				669CA2C6298BB94300B59984 /* Assets.xcassets */,
				669CA2C8298BB94300B59984 /* LaunchScreen.storyboard */,
				669CA2CB298BB94300B59984 /* Info.plist */,
			);
			path = profileapp_jsonparsing;
			sourceTree = "<group>";
		};
/* End PBXGroup section */

/* Begin PBXNativeTarget section */
		669CA2B9298BB94000B59984 /* profileapp_jsonparsing */ = {
			isa = PBXNativeTarget;
			buildConfigurationList = 669CA2CE298BB94300B59984 /* Build configuration list for PBXNativeTarget "profileapp_jsonparsing" */;
			buildPhases = (
				669CA2B6298BB94000B59984 /* Sources */,
				669CA2B7298BB94000B59984 /* Frameworks */,
				669CA2B8298BB94000B59984 /* Resources */,
			);
			buildRules = (
			);
			dependencies = (
			);
			name = profileapp_jsonparsing;
			productName = profileapp_jsonparsing;
			productReference = 669CA2BA298BB94000B59984 /* profileapp_jsonparsing.app */;
			productType = "com.apple.product-type.application";
		};
/* End PBXNativeTarget section */

/* Begin PBXProject section */
		669CA2B2298BB94000B59984 /* Project object */ = {
			isa = PBXProject;
			attributes = {
				BuildIndependentTargetsInParallel = 1;
				LastSwiftUpdateCheck = 1340;
				LastUpgradeCheck = 1340;
				TargetAttributes = {
					669CA2B9298BB94000B59984 = {
						CreatedOnToolsVersion = 13.4.1;
					};
				};
			};
			buildConfigurationList = 669CA2B5298BB94000B59984 /* Build configuration list for PBXProject "profileapp_jsonparsing" */;
			compatibilityVersion = "Xcode 13.0";
			developmentRegion = en;
			hasScannedForEncodings = 0;
			knownRegions = (
				en,
				Base,
			);
			mainGroup = 669CA2B1298BB94000B59984;
			productRefGroup = 669CA2BB298BB94000B59984 /* Products */;
			projectDirPath = "";
			projectRoot = "";
			targets = (
				669CA2B9298BB94000B59984 /* profileapp_jsonparsing */,
			);
		};
/* End PBXProject section */

/* Begin PBXResourcesBuildPhase section */
		669CA2B8298BB94000B59984 /* Resources */ = {
			isa = PBXResourcesBuildPhase;
			buildActionMask = 2147483647;
			files = (
				669CA2CA298BB94300B59984 /* LaunchScreen.storyboard in Resources */,
				669CA2C7298BB94300B59984 /* Assets.xcassets in Resources */,
				669CA2C5298BB94000B59984 /* Main.storyboard in Resources */,
			);
			runOnlyForDeploymentPostprocessing = 0;
		};
/* End PBXResourcesBuildPhase section */

/* Begin PBXSourcesBuildPhase section */
		669CA2B6298BB94000B59984 /* Sources */ = {
			isa = PBXSourcesBuildPhase;
			buildActionMask = 2147483647;
			files = (
				669CA2C2298BB94000B59984 /* ViewController.swift in Sources */,
				669CA2D6298D176F00B59984 /* secondTableViewCell.swift in Sources */,
				669CA2D2298BB99300B59984 /* TableViewCell.swift in Sources */,
				669CA2BE298BB94000B59984 /* AppDelegate.swift in Sources */,
				669CA2D4298D16CD00B59984 /* secondViewController.swift in Sources */,
				669CA2C0298BB94000B59984 /* SceneDelegate.swift in Sources */,
			);
			runOnlyForDeploymentPostprocessing = 0;
		};
/* End PBXSourcesBuildPhase section */

/* Begin PBXVariantGroup section */
		669CA2C3298BB94000B59984 /* Main.storyboard */ = {
			isa = PBXVariantGroup;
			children = (
				669CA2C4298BB94000B59984 /* Base */,
			);
			name = Main.storyboard;
			sourceTree = "<group>";
		};
		669CA2C8298BB94300B59984 /* LaunchScreen.storyboard */ = {
			isa = PBXVariantGroup;
			children = (
				669CA2C9298BB94300B59984 /* Base */,
			);
			name = LaunchScreen.storyboard;
			sourceTree = "<group>";
		};
/* End PBXVariantGroup section */

/* Begin XCBuildConfiguration section */
		669CA2CC298BB94300B59984 /* Debug */ = {
			isa = XCBuildConfiguration;
			buildSettings = {
				ALWAYS_SEARCH_USER_PATHS = NO;
				CLANG_ANALYZER_NONNULL = YES;
				CLANG_ANALYZER_NUMBER_OBJECT_CONVERSION = YES_AGGRESSIVE;
				CLANG_CXX_LANGUAGE_STANDARD = "gnu++17";
				CLANG_ENABLE_MODULES = YES;
				CLANG_ENABLE_OBJC_ARC = YES;
				CLANG_ENABLE_OBJC_WEAK = YES;
				CLANG_WARN_BLOCK_CAPTURE_AUTORELEASING = YES;
				CLANG_WARN_BOOL_CONVERSION = YES;
				CLANG_WARN_COMMA = YES;
				CLANG_WARN_CONSTANT_CONVERSION = YES;
				CLANG_WARN_DEPRECATED_OBJC_IMPLEMENTATIONS = YES;
				CLANG_WARN_DIRECT_OBJC_ISA_USAGE = YES_ERROR;
				CLANG_WARN_DOCUMENTATION_COMMENTS = YES;
				CLANG_WARN_EMPTY_BODY = YES;
				CLANG_WARN_ENUM_CONVERSION = YES;
				CLANG_WARN_INFINITE_RECURSION = YES;
				CLANG_WARN_INT_CONVERSION = YES;
				CLANG_WARN_NON_LITERAL_NULL_CONVERSION = YES;
				CLANG_WARN_OBJC_IMPLICIT_RETAIN_SELF = YES;
				CLANG_WARN_OBJC_LITERAL_CONVERSION = YES;
				CLANG_WARN_OBJC_ROOT_CLASS = YES_ERROR;
				CLANG_WARN_QUOTED_INCLUDE_IN_FRAMEWORK_HEADER = YES;
				CLANG_WARN_RANGE_LOOP_ANALYSIS = YES;
				CLANG_WARN_STRICT_PROTOTYPES = YES;
				CLANG_WARN_SUSPICIOUS_MOVE = YES;
				CLANG_WARN_UNGUARDED_AVAILABILITY = YES_AGGRESSIVE;
				CLANG_WARN_UNREACHABLE_CODE = YES;
				CLANG_WARN__DUPLICATE_METHOD_MATCH = YES;
				COPY_PHASE_STRIP = NO;
				DEBUG_INFORMATION_FORMAT = dwarf;
				ENABLE_STRICT_OBJC_MSGSEND = YES;
				ENABLE_TESTABILITY = YES;
				GCC_C_LANGUAGE_STANDARD = gnu11;
				GCC_DYNAMIC_NO_PIC = NO;
				GCC_NO_COMMON_BLOCKS = YES;
				GCC_OPTIMIZATION_LEVEL = 0;
				GCC_PREPROCESSOR_DEFINITIONS = (
					"DEBUG=1",
					"$(inherited)",
				);
				GCC_WARN_64_TO_32_BIT_CONVERSION = YES;
				GCC_WARN_ABOUT_RETURN_TYPE = YES_ERROR;
				GCC_WARN_UNDECLARED_SELECTOR = YES;
				GCC_WARN_UNINITIALIZED_AUTOS = YES_AGGRESSIVE;
				GCC_WARN_UNUSED_FUNCTION = YES;
				GCC_WARN_UNUSED_VARIABLE = YES;
				IPHONEOS_DEPLOYMENT_TARGET = 15.5;
				MTL_ENABLE_DEBUG_INFO = INCLUDE_SOURCE;
				MTL_FAST_MATH = YES;
				ONLY_ACTIVE_ARCH = YES;
				SDKROOT = iphoneos;
				SWIFT_ACTIVE_COMPILATION_CONDITIONS = DEBUG;
				SWIFT_OPTIMIZATION_LEVEL = "-Onone";
			};
			name = Debug;
		};
		669CA2CD298BB94300B59984 /* Release */ = {
			isa = XCBuildConfiguration;
			buildSettings = {
				ALWAYS_SEARCH_USER_PATHS = NO;
				CLANG_ANALYZER_NONNULL = YES;
				CLANG_ANALYZER_NUMBER_OBJECT_CONVERSION = YES_AGGRESSIVE;
				CLANG_CXX_LANGUAGE_STANDARD = "gnu++17";
				CLANG_ENABLE_MODULES = YES;
				CLANG_ENABLE_OBJC_ARC = YES;
				CLANG_ENABLE_OBJC_WEAK = YES;
				CLANG_WARN_BLOCK_CAPTURE_AUTORELEASING = YES;
				CLANG_WARN_BOOL_CONVERSION = YES;
				CLANG_WARN_COMMA = YES;
				CLANG_WARN_CONSTANT_CONVERSION = YES;
				CLANG_WARN_DEPRECATED_OBJC_IMPLEMENTATIONS = YES;
				CLANG_WARN_DIRECT_OBJC_ISA_USAGE = YES_ERROR;
				CLANG_WARN_DOCUMENTATION_COMMENTS = YES;
				CLANG_WARN_EMPTY_BODY = YES;
				CLANG_WARN_ENUM_CONVERSION = YES;
				CLANG_WARN_INFINITE_RECURSION = YES;
				CLANG_WARN_INT_CONVERSION = YES;
				CLANG_WARN_NON_LITERAL_NULL_CONVERSION = YES;
				CLANG_WARN_OBJC_IMPLICIT_RETAIN_SELF = YES;
				CLANG_WARN_OBJC_LITERAL_CONVERSION = YES;
				CLANG_WARN_OBJC_ROOT_CLASS = YES_ERROR;
				CLANG_WARN_QUOTED_INCLUDE_IN_FRAMEWORK_HEADER = YES;
				CLANG_WARN_RANGE_LOOP_ANALYSIS = YES;
				CLANG_WARN_STRICT_PROTOTYPES = YES;
				CLANG_WARN_SUSPICIOUS_MOVE = YES;
				CLANG_WARN_UNGUARDED_AVAILABILITY = YES_AGGRESSIVE;
				CLANG_WARN_UNREACHABLE_CODE = YES;
				CLANG_WARN__DUPLICATE_METHOD_MATCH = YES;
				COPY_PHASE_STRIP = NO;
				DEBUG_INFORMATION_FORMAT = "dwarf-with-dsym";
				ENABLE_NS_ASSERTIONS = NO;
				ENABLE_STRICT_OBJC_MSGSEND = YES;
				GCC_C_LANGUAGE_STANDARD = gnu11;
				GCC_NO_COMMON_BLOCKS = YES;
				GCC_WARN_64_TO_32_BIT_CONVERSION = YES;
				GCC_WARN_ABOUT_RETURN_TYPE = YES_ERROR;
				GCC_WARN_UNDECLARED_SELECTOR = YES;
				GCC_WARN_UNINITIALIZED_AUTOS = YES_AGGRESSIVE;
				GCC_WARN_UNUSED_FUNCTION = YES;
				GCC_WARN_UNUSED_VARIABLE = YES;
				IPHONEOS_DEPLOYMENT_TARGET = 15.5;
				MTL_ENABLE_DEBUG_INFO = NO;
				MTL_FAST_MATH = YES;
				SDKROOT = iphoneos;
				SWIFT_COMPILATION_MODE = wholemodule;
				SWIFT_OPTIMIZATION_LEVEL = "-O";
				VALIDATE_PRODUCT = YES;
			};
			name = Release;
		};
		669CA2CF298BB94300B59984 /* Debug */ = {
			isa = XCBuildConfiguration;
			buildSettings = {
				ASSETCATALOG_COMPILER_APPICON_NAME = AppIcon;
				ASSETCATALOG_COMPILER_GLOBAL_ACCENT_COLOR_NAME = AccentColor;
				CODE_SIGN_STYLE = Automatic;
				CURRENT_PROJECT_VERSION = 1;
				GENERATE_INFOPLIST_FILE = YES;
				INFOPLIST_FILE = profileapp_jsonparsing/Info.plist;
				INFOPLIST_KEY_UIApplicationSupportsIndirectInputEvents = YES;
				INFOPLIST_KEY_UILaunchStoryboardName = LaunchScreen;
				INFOPLIST_KEY_UIMainStoryboardFile = Main;
				INFOPLIST_KEY_UISupportedInterfaceOrientations_iPad = "UIInterfaceOrientationPortrait UIInterfaceOrientationPortraitUpsideDown UIInterfaceOrientationLandscapeLeft UIInterfaceOrientationLandscapeRight";
				INFOPLIST_KEY_UISupportedInterfaceOrientations_iPhone = "UIInterfaceOrientationPortrait UIInterfaceOrientationLandscapeLeft UIInterfaceOrientationLandscapeRight";
				LD_RUNPATH_SEARCH_PATHS = (
					"$(inherited)",
					"@executable_path/Frameworks",
				);
				MARKETING_VERSION = 1.0;
				PRODUCT_BUNDLE_IDENTIFIER = "jb.profileapp-jsonparsing";
				PRODUCT_NAME = "$(TARGET_NAME)";
				SWIFT_EMIT_LOC_STRINGS = YES;
				SWIFT_VERSION = 5.0;
				TARGETED_DEVICE_FAMILY = "1,2";
			};
			name = Debug;
		};
		669CA2D0298BB94300B59984 /* Release */ = {
			isa = XCBuildConfiguration;
			buildSettings = {
				ASSETCATALOG_COMPILER_APPICON_NAME = AppIcon;
				ASSETCATALOG_COMPILER_GLOBAL_ACCENT_COLOR_NAME = AccentColor;
				CODE_SIGN_STYLE = Automatic;
				CURRENT_PROJECT_VERSION = 1;
				GENERATE_INFOPLIST_FILE = YES;
				INFOPLIST_FILE = profileapp_jsonparsing/Info.plist;
				INFOPLIST_KEY_UIApplicationSupportsIndirectInputEvents = YES;
				INFOPLIST_KEY_UILaunchStoryboardName = LaunchScreen;
				INFOPLIST_KEY_UIMainStoryboardFile = Main;
				INFOPLIST_KEY_UISupportedInterfaceOrientations_iPad = "UIInterfaceOrientationPortrait UIInterfaceOrientationPortraitUpsideDown UIInterfaceOrientationLandscapeLeft UIInterfaceOrientationLandscapeRight";
				INFOPLIST_KEY_UISupportedInterfaceOrientations_iPhone = "UIInterfaceOrientationPortrait UIInterfaceOrientationLandscapeLeft UIInterfaceOrientationLandscapeRight";
				LD_RUNPATH_SEARCH_PATHS = (
					"$(inherited)",
					"@executable_path/Frameworks",
				);
				MARKETING_VERSION = 1.0;
				PRODUCT_BUNDLE_IDENTIFIER = "jb.profileapp-jsonparsing";
				PRODUCT_NAME = "$(TARGET_NAME)";
				SWIFT_EMIT_LOC_STRINGS = YES;
				SWIFT_VERSION = 5.0;
				TARGETED_DEVICE_FAMILY = "1,2";
			};
			name = Release;
		};
/* End XCBuildConfiguration section */

/* Begin XCConfigurationList section */
		669CA2B5298BB94000B59984 /* Build configuration list for PBXProject "profileapp_jsonparsing" */ = {
			isa = XCConfigurationList;
			buildConfigurations = (
				669CA2CC298BB94300B59984 /* Debug */,
				669CA2CD298BB94300B59984 /* Release */,
			);
			defaultConfigurationIsVisible = 0;
			defaultConfigurationName = Release;
		};
		669CA2CE298BB94300B59984 /* Build configuration list for PBXNativeTarget "profileapp_jsonparsing" */ = {
			isa = XCConfigurationList;
			buildConfigurations = (
				669CA2CF298BB94300B59984 /* Debug */,
				669CA2D0298BB94300B59984 /* Release */,
			);
			defaultConfigurationIsVisible = 0;
			defaultConfigurationName = Release;
		};
/* End XCConfigurationList section */
	};
	rootObject = 669CA2B2298BB94000B59984 /* Project object */;
}
